{
    "_readme": [
        "This file locks the dependencies of your project to a known state",
        "Read more about it at https://getcomposer.org/doc/01-basic-usage.md#composer-lock-the-lock-file",
        "This file is @generated automatically"
    ],
    "content-hash": "4e2cd50e73497948a31be880fd4e98cf",
    "packages": [
        {
            "name": "composer/installers",
            "version": "v1.3.0",
            "source": {
                "type": "git",
                "url": "https://github.com/composer/installers.git",
                "reference": "79ad876c7498c0bbfe7eed065b8651c93bfd6045"
            },
            "dist": {
                "type": "zip",
                "url": "https://api.github.com/repos/composer/installers/zipball/79ad876c7498c0bbfe7eed065b8651c93bfd6045",
                "reference": "79ad876c7498c0bbfe7eed065b8651c93bfd6045",
                "shasum": ""
            },
            "require": {
                "composer-plugin-api": "^1.0"
            },
            "replace": {
                "roundcube/plugin-installer": "*",
                "shama/baton": "*"
            },
            "require-dev": {
                "composer/composer": "1.0.*@dev",
                "phpunit/phpunit": "4.1.*"
            },
            "type": "composer-plugin",
            "extra": {
                "class": "Composer\\Installers\\Plugin",
                "branch-alias": {
                    "dev-master": "1.0-dev"
                }
            },
            "autoload": {
                "psr-4": {
                    "Composer\\Installers\\": "src/Composer/Installers"
                }
            },
            "notification-url": "https://packagist.org/downloads/",
            "license": [
                "MIT"
            ],
            "authors": [
                {
                    "name": "Kyle Robinson Young",
                    "email": "kyle@dontkry.com",
                    "homepage": "https://github.com/shama"
                }
            ],
            "description": "A multi-framework Composer library installer",
            "homepage": "https://composer.github.io/installers/",
            "keywords": [
                "Craft",
                "Dolibarr",
                "Eliasis",
                "Hurad",
                "ImageCMS",
                "Kanboard",
                "MODX Evo",
                "Mautic",
                "Maya",
                "OXID",
                "Plentymarkets",
                "Porto",
                "RadPHP",
                "SMF",
                "Thelia",
                "WolfCMS",
                "agl",
                "aimeos",
                "annotatecms",
                "attogram",
                "bitrix",
                "cakephp",
                "chef",
                "cockpit",
                "codeigniter",
                "concrete5",
                "croogo",
                "dokuwiki",
                "drupal",
                "elgg",
                "expressionengine",
                "fuelphp",
                "grav",
                "installer",
                "itop",
                "joomla",
                "kohana",
                "laravel",
                "lavalite",
                "lithium",
                "magento",
                "mako",
                "mediawiki",
                "modulework",
                "moodle",
                "phpbb",
                "piwik",
                "ppi",
                "puppet",
                "reindex",
                "roundcube",
                "shopware",
                "silverstripe",
                "sydes",
                "symfony",
                "typo3",
                "wordpress",
                "yawik",
                "zend",
                "zikula"
            ],
            "time": "2017-04-24T06:37:16+00:00"
        },
        {
            "name": "roots/soil",
            "version": "3.7.1",
            "source": {
                "type": "git",
                "url": "https://github.com/roots/soil.git",
                "reference": "5b9b9d8a878b295f44b35cba826c462b20cc1d9c"
            },
            "dist": {
                "type": "zip",
                "url": "https://api.github.com/repos/roots/soil/zipball/5b9b9d8a878b295f44b35cba826c462b20cc1d9c",
                "reference": "5b9b9d8a878b295f44b35cba826c462b20cc1d9c",
                "shasum": ""
            },
            "require": {
                "composer/installers": "~1.0",
                "php": ">=5.4.0"
            },
            "require-dev": {
                "squizlabs/php_codesniffer": "^2.5.1"
            },
            "type": "wordpress-plugin",
            "notification-url": "https://packagist.org/downloads/",
            "license": [
                "MIT"
            ],
            "authors": [
                {
                    "name": "Scott Walkinshaw",
                    "email": "scott.walkinshaw@gmail.com",
                    "homepage": "https://github.com/swalkinshaw"
                },
                {
                    "name": "Ben Word",
                    "email": "ben@benword.com",
                    "homepage": "https://github.com/retlehs"
                }
            ],
            "description": "A WordPress plugin which contains a collection of modules to apply theme-agnostic front-end modifications",
            "homepage": "https://roots.io/plugins/soil/",
            "keywords": [
                "wordpress"
            ],
            "time": "2016-08-30T18:15:45+00:00"
        },
        {
            "name": "wp-premium/gravityforms",
            "version": "2.2.1",
            "source": {
                "type": "git",
                "url": "git@github.com:wp-premium/gravityforms.git",
                "reference": "7f5d8d8"
            },
            "require": {
                "composer/installers": "~1.0"
            },
            "type": "wordpress-plugin"
        },
        {
            "name": "wp-premium/wordpress-seo-premium",
            "version": "4.6.0",
            "source": {
                "type": "git",
                "url": "git@github.com:wp-premium/wordpress-seo-premium.git",
                "reference": "40dfaab"
            },
            "require": {
                "composer/installers": "~1.0"
            },
            "type": "wordpress-plugin"
        },
        {
            "name": "wpackagist-plugin/acf-to-rest-api",
            "version": "2.2.1",
            "source": {
                "type": "svn",
                "url": "https://plugins.svn.wordpress.org/acf-to-rest-api/",
                "reference": "tags/2.2.1"
            },
            "dist": {
                "type": "zip",
                "url": "https://downloads.wordpress.org/plugin/acf-to-rest-api.2.2.1.zip",
                "reference": "tags/2.2.1",
                "shasum": null
            },
            "require": {
                "composer/installers": "~1.0"
            },
            "type": "wordpress-plugin",
            "homepage": "https://wordpress.org/plugins/acf-to-rest-api/"
        },
        {
            "name": "wpackagist-plugin/advanced-custom-fields",
            "version": "4.4.11",
            "source": {
                "type": "svn",
                "url": "https://plugins.svn.wordpress.org/advanced-custom-fields/",
                "reference": "tags/4.4.11"
            },
            "dist": {
                "type": "zip",
                "url": "https://downloads.wordpress.org/plugin/advanced-custom-fields.4.4.11.zip",
                "reference": "tags/4.4.11",
                "shasum": null
            },
            "require": {
                "composer/installers": "~1.0"
            },
            "type": "wordpress-plugin",
            "homepage": "https://wordpress.org/plugins/advanced-custom-fields/"
        },
        {
            "name": "wpackagist-plugin/amazon-s3-and-cloudfront",
            "version": "1.1.6",
            "source": {
                "type": "svn",
                "url": "https://plugins.svn.wordpress.org/amazon-s3-and-cloudfront/",
                "reference": "tags/1.1.6"
            },
            "dist": {
                "type": "zip",
                "url": "https://downloads.wordpress.org/plugin/amazon-s3-and-cloudfront.1.1.6.zip",
                "reference": "tags/1.1.6",
                "shasum": null
            },
            "require": {
                "composer/installers": "~1.0"
            },
            "type": "wordpress-plugin",
            "homepage": "https://wordpress.org/plugins/amazon-s3-and-cloudfront/"
        },
        {
            "name": "wpackagist-plugin/amazon-web-services",
            "version": "1.0.2",
            "source": {
                "type": "svn",
                "url": "https://plugins.svn.wordpress.org/amazon-web-services/",
                "reference": "tags/1.0.2"
            },
            "dist": {
                "type": "zip",
                "url": "https://downloads.wordpress.org/plugin/amazon-web-services.1.0.2.zip",
                "reference": "tags/1.0.2",
                "shasum": null
            },
            "require": {
                "composer/installers": "~1.0"
            },
            "type": "wordpress-plugin",
            "homepage": "https://wordpress.org/plugins/amazon-web-services/"
        },
        {
            "name": "wpackagist-plugin/members",
            "version": "1.1.3",
            "source": {
                "type": "svn",
                "url": "https://plugins.svn.wordpress.org/members/",
                "reference": "tags/1.1.3"
            },
            "dist": {
                "type": "zip",
                "url": "https://downloads.wordpress.org/plugin/members.1.1.3.zip",
                "reference": "tags/1.1.3",
                "shasum": null
            },
            "require": {
                "composer/installers": "~1.0"
            },
            "type": "wordpress-plugin",
            "homepage": "https://wordpress.org/plugins/members/"
        },
        {
            "name": "wpackagist-plugin/post-type-switcher",
            "version": "3.0.0",
            "source": {
                "type": "svn",
                "url": "https://plugins.svn.wordpress.org/post-type-switcher/",
                "reference": "trunk"
            },
            "dist": {
                "type": "zip",
                "url": "https://downloads.wordpress.org/plugin/post-type-switcher.zip?timestamp=1479638531",
                "reference": "trunk",
                "shasum": null
            },
            "require": {
                "composer/installers": "~1.0"
            },
            "type": "wordpress-plugin",
            "homepage": "https://wordpress.org/plugins/post-type-switcher/"
        },
        {
            "name": "wpackagist-plugin/wp-super-cache",
            "version": "1.4.9",
            "source": {
                "type": "svn",
                "url": "https://plugins.svn.wordpress.org/wp-super-cache/",
                "reference": "tags/1.4.9"
            },
            "dist": {
                "type": "zip",
                "url": "https://downloads.wordpress.org/plugin/wp-super-cache.1.4.9.zip",
                "reference": "tags/1.4.9",
                "shasum": null
            },
            "require": {
                "composer/installers": "~1.0"
            },
            "type": "wordpress-plugin",
            "homepage": "https://wordpress.org/plugins/wp-super-cache/"
        }
    ],
    "packages-dev": [],
    "aliases": [],
    "minimum-stability": "stable",
    "stability-flags": [],
    "prefer-stable": false,
    "prefer-lowest": false,
    "platform": [],
    "platform-dev": []
}
